[[package]]
name = "paho-mqtt"
version = "1.6.1"
description = "MQTT version 5.0/3.1.1 client class"
category = "main"
optional = false
python-versions = "*"

[package.extras]
proxy = ["pysocks"]

[metadata]
lock-version = "1.1"
python-versions = ">=3.8.0,<3.9"
content-hash = "95ced4ce7c0747d163bece3a0ab1b35f893ffadc6ad18fb2b50d9fe6526c4193"

[metadata.files]
paho-mqtt = [
    {file = "paho-mqtt-1.6.1.tar.gz", hash = "sha256:2a8291c81623aec00372b5a85558a372c747cbca8e9934dfe218638b8eefc26f"},
]
